<Solution>
  <Project Path="../ClassLibrary/ClassLibrary.csproj" Id="174484de-e87d-436f-9190-91b1f65c42d0" />
  <Project Path="APIGateway/APIGateway.csproj" Id="240b5de9-0591-48ed-9eb7-45114a6d9014" />
  <Project Path="BlazorApp2/BlazorApp2.Client/BlazorApp2.Client.csproj" />
  <Project Path="BlazorApp2/BlazorApp2/BlazorApp2.csproj" />
  <Project Path="docker-compose.dcproj">
    <Build />
  </Project>
</Solution>
